
Microsoft Visual Studio Solution File, Format Version 12.00
# Visual Studio 15
VisualStudioVersion = 15.0.28307.489
MinimumVisualStudioVersion = 10.0.40219.1
Project("{8BC9CEB8-8B4A-11D0-8D11-00A0C91BC942}") = "Pathfinding", "Pathfinding\Pathfinding.vcxproj", "{CDE623B2-BD47-439C-A96E-BFACDD63F3EF}"
EndProject
Global
	GlobalSection(SolutionConfigurationPlatforms) = preSolution
		Debug|x64 = Debug|x64
		Debug|x86 = Debug|x86
		Release|x64 = Release|x64
		Release|x86 = Release|x86
	EndGlobalSection
	GlobalSection(ProjectConfigurationPlatforms) = postSolution
		{CDE623B2-BD47-439C-A96E-BFACDD63F3EF}.Debug|x64.ActiveCfg = Debug|x64
		{CDE623B2-BD47-439C-A96E-BFACDD63F3EF}.Debug|x64.Build.0 = Debug|x64
		{CDE623B2-BD47-439C-A96E-BFACDD63F3EF}.Debug|x86.ActiveCfg = Debug|Win32
		{CDE623B2-BD47-439C-A96E-BFACDD63F3EF}.Debug|x86.Build.0 = Debug|Win32
		{CDE623B2-BD47-439C-A96E-BFACDD63F3EF}.Release|x64.ActiveCfg = Release|x64
		{CDE623B2-BD47-439C-A96E-BFACDD63F3EF}.Release|x64.Build.0 = Release|x64
		{CDE623B2-BD47-439C-A96E-BFACDD63F3EF}.Release|x86.ActiveCfg = Release|Win32
		{CDE623B2-BD47-439C-A96E-BFACDD63F3EF}.Release|x86.Build.0 = Release|Win32
	EndGlobalSection
	GlobalSection(SolutionProperties) = preSolution
		HideSolutionNode = FALSE
	EndGlobalSection
	GlobalSection(ExtensibilityGlobals) = postSolution
		SolutionGuid = {68B6EFE7-1822-40ED-B0A1-E4B1A77B14F5}
	EndGlobalSection
EndGlobal
